
Microsoft Visual Studio Solution File, Format Version 12.00
# Visual Studio 2013
VisualStudioVersion = 12.0.31101.0
MinimumVisualStudioVersion = 10.0.40219.1
Project("{FAE04EC0-301F-11D3-BF4B-00C04F79EFBC}") = "MomentSharp", "MomentSharp\MomentSharp.csproj", "{7DF82747-DF0D-4969-91FF-30D5F8FEB7FD}"
EndProject
Project("{FAE04EC0-301F-11D3-BF4B-00C04F79EFBC}") = "MomentSharp.Tests", "MomentSharp.Tests\MomentSharp.Tests.csproj", "{0BCFE0D9-F655-4D1B-A8F5-9D4C3732DB10}"
EndProject
Project("{2150E333-8FDC-42A3-9474-1A3956D46DE8}") = "scripts", "scripts", "{86FC861C-5DD0-4E9B-A153-A258B5880C9C}"
	ProjectSection(SolutionItems) = preProject
		scripts\Build.ps1 = scripts\Build.ps1
		scripts\IncrementVersion.ps1 = scripts\IncrementVersion.ps1
		scripts\ResetAssemblyInfos.ps1 = scripts\ResetAssemblyInfos.ps1
	EndProjectSection
EndProject
Project("{2150E333-8FDC-42A3-9474-1A3956D46DE8}") = ".nuget", ".nuget", "{049E5491-535F-4C11-9B94-93EEA669E21A}"
	ProjectSection(SolutionItems) = preProject
		.nuget\MomentSharp.nuspec = .nuget\MomentSharp.nuspec
		.nuget\NuGet.exe = .nuget\NuGet.exe
		.nuget\NuGet.targets = .nuget\NuGet.targets
	EndProjectSection
EndProject
Global
	GlobalSection(SolutionConfigurationPlatforms) = preSolution
		Debug|Any CPU = Debug|Any CPU
		Release|Any CPU = Release|Any CPU
	EndGlobalSection
	GlobalSection(ProjectConfigurationPlatforms) = postSolution
		{7DF82747-DF0D-4969-91FF-30D5F8FEB7FD}.Debug|Any CPU.ActiveCfg = Debug|Any CPU
		{7DF82747-DF0D-4969-91FF-30D5F8FEB7FD}.Debug|Any CPU.Build.0 = Debug|Any CPU
		{7DF82747-DF0D-4969-91FF-30D5F8FEB7FD}.Release|Any CPU.ActiveCfg = Release|Any CPU
		{7DF82747-DF0D-4969-91FF-30D5F8FEB7FD}.Release|Any CPU.Build.0 = Release|Any CPU
		{0BCFE0D9-F655-4D1B-A8F5-9D4C3732DB10}.Debug|Any CPU.ActiveCfg = Debug|Any CPU
		{0BCFE0D9-F655-4D1B-A8F5-9D4C3732DB10}.Debug|Any CPU.Build.0 = Debug|Any CPU
		{0BCFE0D9-F655-4D1B-A8F5-9D4C3732DB10}.Release|Any CPU.ActiveCfg = Release|Any CPU
		{0BCFE0D9-F655-4D1B-A8F5-9D4C3732DB10}.Release|Any CPU.Build.0 = Release|Any CPU
	EndGlobalSection
	GlobalSection(SolutionProperties) = preSolution
		HideSolutionNode = FALSE
	EndGlobalSection
EndGlobal
